// !$*UTF8*$!
{
	archiveVersion = 1;
	classes = {
	};
	objectVersion = 46;
	objects = {

/* Begin PBXBuildFile section */
		8C0DF92F1D9076D500036295 /* NewsDetailsViewController.m in Sources */ = {isa = PBXBuildFile; fileRef = 8C0DF92E1D9076D500036295 /* NewsDetailsViewController.m */; };
		8C0DF9361D907C5300036295 /* File.strings in Resources */ = {isa = PBXBuildFile; fileRef = 8C0DF9381D907C5300036295 /* File.strings */; };
		8C0DF93F1D915D1F00036295 /* LogInViewController.m in Sources */ = {isa = PBXBuildFile; fileRef = 8C0DF93E1D915D1F00036295 /* LogInViewController.m */; };
		8C0DF9441D9161E700036295 /* login.png in Resources */ = {isa = PBXBuildFile; fileRef = 8C0DF9431D9161E700036295 /* login.png */; };
		8C0DF9461D91641300036295 /* beautiful_stars_in_galaxy.jpg in Resources */ = {isa = PBXBuildFile; fileRef = 8C0DF9451D91641200036295 /* beautiful_stars_in_galaxy.jpg */; };
		8C0EFDF81D92B9E800CC9578 /* MainTableViewController.m in Sources */ = {isa = PBXBuildFile; fileRef = 8C0EFDF31D92B9E800CC9578 /* MainTableViewController.m */; };
		8C8920851D90590C001528FA /* main.m in Sources */ = {isa = PBXBuildFile; fileRef = 8C8920841D90590C001528FA /* main.m */; };
		8C8920881D90590C001528FA /* AppDelegate.m in Sources */ = {isa = PBXBuildFile; fileRef = 8C8920871D90590C001528FA /* AppDelegate.m */; };
		8C89208E1D90590C001528FA /* Main.storyboard in Resources */ = {isa = PBXBuildFile; fileRef = 8C89208C1D90590C001528FA /* Main.storyboard */; };
		8C8920901D90590C001528FA /* Assets.xcassets in Resources */ = {isa = PBXBuildFile; fileRef = 8C89208F1D90590C001528FA /* Assets.xcassets */; };
		8C8920931D90590C001528FA /* LaunchScreen.storyboard in Resources */ = {isa = PBXBuildFile; fileRef = 8C8920911D90590C001528FA /* LaunchScreen.storyboard */; };
		8C8920A31D906616001528FA /* MainTableViewCell.m in Sources */ = {isa = PBXBuildFile; fileRef = 8C8920A21D906616001528FA /* MainTableViewCell.m */; };
/* End PBXBuildFile section */

/* Begin PBXFileReference section */
		8C0DF92D1D9076D500036295 /* NewsDetailsViewController.h */ = {isa = PBXFileReference; fileEncoding = 4; lastKnownFileType = sourcecode.c.h; path = NewsDetailsViewController.h; sourceTree = "<group>"; };
		8C0DF92E1D9076D500036295 /* NewsDetailsViewController.m */ = {isa = PBXFileReference; fileEncoding = 4; lastKnownFileType = sourcecode.c.objc; path = NewsDetailsViewController.m; sourceTree = "<group>"; };
		8C0DF9321D907C4100036295 /* ru */ = {isa = PBXFileReference; lastKnownFileType = text.plist.strings; name = ru; path = ru.lproj/Main.strings; sourceTree = "<group>"; };
		8C0DF9331D907C4200036295 /* ru */ = {isa = PBXFileReference; lastKnownFileType = text.plist.strings; name = ru; path = ru.lproj/LaunchScreen.strings; sourceTree = "<group>"; };
		8C0DF9341D907C4900036295 /* uk */ = {isa = PBXFileReference; lastKnownFileType = text.plist.strings; name = uk; path = uk.lproj/Main.strings; sourceTree = "<group>"; };
		8C0DF9351D907C4A00036295 /* uk */ = {isa = PBXFileReference; lastKnownFileType = text.plist.strings; name = uk; path = uk.lproj/LaunchScreen.strings; sourceTree = "<group>"; };
		8C0DF9371D907C5300036295 /* Base */ = {isa = PBXFileReference; lastKnownFileType = text.plist.strings; name = Base; path = Base.lproj/File.strings; sourceTree = "<group>"; };
		8C0DF9391D907C5900036295 /* ru */ = {isa = PBXFileReference; lastKnownFileType = text.plist.strings; name = ru; path = ru.lproj/File.strings; sourceTree = "<group>"; };
		8C0DF93A1D907C5F00036295 /* uk */ = {isa = PBXFileReference; lastKnownFileType = text.plist.strings; name = uk; path = uk.lproj/File.strings; sourceTree = "<group>"; };
		8C0DF93D1D915D1F00036295 /* LogInViewController.h */ = {isa = PBXFileReference; fileEncoding = 4; lastKnownFileType = sourcecode.c.h; path = LogInViewController.h; sourceTree = "<group>"; };
		8C0DF93E1D915D1F00036295 /* LogInViewController.m */ = {isa = PBXFileReference; fileEncoding = 4; lastKnownFileType = sourcecode.c.objc; path = LogInViewController.m; sourceTree = "<group>"; };
		8C0DF9431D9161E700036295 /* login.png */ = {isa = PBXFileReference; lastKnownFileType = image.png; name = login.png; path = img/login.png; sourceTree = "<group>"; };
		8C0DF9451D91641200036295 /* beautiful_stars_in_galaxy.jpg */ = {isa = PBXFileReference; lastKnownFileType = image.jpeg; name = beautiful_stars_in_galaxy.jpg; path = img/beautiful_stars_in_galaxy.jpg; sourceTree = "<group>"; };
		8C0EFDF31D92B9E800CC9578 /* MainTableViewController.m */ = {isa = PBXFileReference; fileEncoding = 4; lastKnownFileType = sourcecode.c.objc; path = MainTableViewController.m; sourceTree = "<group>"; };
		8C8920801D90590C001528FA /* Oblsovet.app */ = {isa = PBXFileReference; explicitFileType = wrapper.application; includeInIndex = 0; path = Oblsovet.app; sourceTree = BUILT_PRODUCTS_DIR; };
		8C8920841D90590C001528FA /* main.m */ = {isa = PBXFileReference; lastKnownFileType = sourcecode.c.objc; path = main.m; sourceTree = "<group>"; };
		8C8920861D90590C001528FA /* AppDelegate.h */ = {isa = PBXFileReference; lastKnownFileType = sourcecode.c.h; path = AppDelegate.h; sourceTree = "<group>"; };
		8C8920871D90590C001528FA /* AppDelegate.m */ = {isa = PBXFileReference; lastKnownFileType = sourcecode.c.objc; path = AppDelegate.m; sourceTree = "<group>"; };
		8C89208D1D90590C001528FA /* Base */ = {isa = PBXFileReference; lastKnownFileType = file.storyboard; name = Base; path = Base.lproj/Main.storyboard; sourceTree = "<group>"; };
		8C89208F1D90590C001528FA /* Assets.xcassets */ = {isa = PBXFileReference; lastKnownFileType = folder.assetcatalog; path = Assets.xcassets; sourceTree = "<group>"; };
		8C8920921D90590C001528FA /* Base */ = {isa = PBXFileReference; lastKnownFileType = file.storyboard; name = Base; path = Base.lproj/LaunchScreen.storyboard; sourceTree = "<group>"; };
		8C8920941D90590C001528FA /* Info.plist */ = {isa = PBXFileReference; lastKnownFileType = text.plist.xml; path = Info.plist; sourceTree = "<group>"; };
		8C89209E1D9065BA001528FA /* MainTableViewController.h */ = {isa = PBXFileReference; fileEncoding = 4; lastKnownFileType = sourcecode.c.h; path = MainTableViewController.h; sourceTree = "<group>"; };
		8C8920A11D906616001528FA /* MainTableViewCell.h */ = {isa = PBXFileReference; fileEncoding = 4; lastKnownFileType = sourcecode.c.h; path = MainTableViewCell.h; sourceTree = "<group>"; };
		8C8920A21D906616001528FA /* MainTableViewCell.m */ = {isa = PBXFileReference; fileEncoding = 4; lastKnownFileType = sourcecode.c.objc; path = MainTableViewCell.m; sourceTree = "<group>"; };
/* End PBXFileReference section */

/* Begin PBXFrameworksBuildPhase section */
		8C89207D1D90590C001528FA /* Frameworks */ = {
			isa = PBXFrameworksBuildPhase;
			buildActionMask = 2147483647;
			files = (
			);
			runOnlyForDeploymentPostprocessing = 0;
		};
/* End PBXFrameworksBuildPhase section */

/* Begin PBXGroup section */
		8C0DF9401D91619B00036295 /* Image */ = {
			isa = PBXGroup;
			children = (
				8C0DF9451D91641200036295 /* beautiful_stars_in_galaxy.jpg */,
				8C0DF9431D9161E700036295 /* login.png */,
			);
			name = Image;
			sourceTree = "<group>";
		};
		8C0DF94C1D92934300036295 /* LSMenu */ = {
			isa = PBXGroup;
			children = (
			);
			name = LSMenu;
			sourceTree = "<group>";
		};
		8C8920771D90590C001528FA = {
			isa = PBXGroup;
			children = (
				8C0DF94C1D92934300036295 /* LSMenu */,
				8C8920821D90590C001528FA /* Oblsovet */,
				8C8920811D90590C001528FA /* Products */,
			);
			sourceTree = "<group>";
		};
		8C8920811D90590C001528FA /* Products */ = {
			isa = PBXGroup;
			children = (
				8C8920801D90590C001528FA /* Oblsovet.app */,
			);
			name = Products;
			sourceTree = "<group>";
		};
		8C8920821D90590C001528FA /* Oblsovet */ = {
			isa = PBXGroup;
			children = (
				8C8920861D90590C001528FA /* AppDelegate.h */,
				8C8920871D90590C001528FA /* AppDelegate.m */,
				8C89208F1D90590C001528FA /* Assets.xcassets */,
				8C0DF9381D907C5300036295 /* File.strings */,
				8C0DF9401D91619B00036295 /* Image */,
				8C8920941D90590C001528FA /* Info.plist */,
				8C8920911D90590C001528FA /* LaunchScreen.storyboard */,
				8C0DF93D1D915D1F00036295 /* LogInViewController.h */,
				8C0DF93E1D915D1F00036295 /* LogInViewController.m */,
				8C89208C1D90590C001528FA /* Main.storyboard */,
				8C8920A11D906616001528FA /* MainTableViewCell.h */,
				8C8920A21D906616001528FA /* MainTableViewCell.m */,
				8C89209E1D9065BA001528FA /* MainTableViewController.h */,
				8C0EFDF31D92B9E800CC9578 /* MainTableViewController.m */,
				8C0DF92D1D9076D500036295 /* NewsDetailsViewController.h */,
				8C0DF92E1D9076D500036295 /* NewsDetailsViewController.m */,
				8C8920831D90590C001528FA /* Supporting Files */,
			);
			path = Oblsovet;
			sourceTree = "<group>";
		};
		8C8920831D90590C001528FA /* Supporting Files */ = {
			isa = PBXGroup;
			children = (
				8C8920841D90590C001528FA /* main.m */,
			);
			name = "Supporting Files";
			sourceTree = "<group>";
		};
/* End PBXGroup section */

/* Begin PBXNativeTarget section */
		8C89207F1D90590C001528FA /* Oblsovet */ = {
			isa = PBXNativeTarget;
			buildConfigurationList = 8C8920971D90590C001528FA /* Build configuration list for PBXNativeTarget "Oblsovet" */;
			buildPhases = (
				8C89207C1D90590C001528FA /* Sources */,
				8C89207D1D90590C001528FA /* Frameworks */,
				8C89207E1D90590C001528FA /* Resources */,
			);
			buildRules = (
			);
			dependencies = (
			);
			name = Oblsovet;
			productName = Oblsovet;
			productReference = 8C8920801D90590C001528FA /* Oblsovet.app */;
			productType = "com.apple.product-type.application";
		};
/* End PBXNativeTarget section */

/* Begin PBXProject section */
		8C8920781D90590C001528FA /* Project object */ = {
			isa = PBXProject;
			attributes = {
				LastUpgradeCheck = 0800;
				ORGANIZATIONNAME = Yog.group;
				TargetAttributes = {
					8C89207F1D90590C001528FA = {
						CreatedOnToolsVersion = 8.0;
						ProvisioningStyle = Automatic;
					};
				};
			};
			buildConfigurationList = 8C89207B1D90590C001528FA /* Build configuration list for PBXProject "Oblsovet" */;
			compatibilityVersion = "Xcode 3.2";
			developmentRegion = English;
			hasScannedForEncodings = 0;
			knownRegions = (
				en,
				Base,
				ru,
				uk,
			);
			mainGroup = 8C8920771D90590C001528FA;
			productRefGroup = 8C8920811D90590C001528FA /* Products */;
			projectDirPath = "";
			projectRoot = "";
			targets = (
				8C89207F1D90590C001528FA /* Oblsovet */,
			);
		};
/* End PBXProject section */

/* Begin PBXResourcesBuildPhase section */
		8C89207E1D90590C001528FA /* Resources */ = {
			isa = PBXResourcesBuildPhase;
			buildActionMask = 2147483647;
			files = (
				8C0DF9361D907C5300036295 /* File.strings in Resources */,
				8C0DF9441D9161E700036295 /* login.png in Resources */,
				8C0DF9461D91641300036295 /* beautiful_stars_in_galaxy.jpg in Resources */,
				8C8920931D90590C001528FA /* LaunchScreen.storyboard in Resources */,
				8C8920901D90590C001528FA /* Assets.xcassets in Resources */,
				8C89208E1D90590C001528FA /* Main.storyboard in Resources */,
			);
			runOnlyForDeploymentPostprocessing = 0;
		};
/* End PBXResourcesBuildPhase section */

/* Begin PBXSourcesBuildPhase section */
		8C89207C1D90590C001528FA /* Sources */ = {
			isa = PBXSourcesBuildPhase;
			buildActionMask = 2147483647;
			files = (
				8C0EFDF81D92B9E800CC9578 /* MainTableViewController.m in Sources */,
				8C0DF93F1D915D1F00036295 /* LogInViewController.m in Sources */,
				8C8920881D90590C001528FA /* AppDelegate.m in Sources */,
				8C8920851D90590C001528FA /* main.m in Sources */,
				8C0DF92F1D9076D500036295 /* NewsDetailsViewController.m in Sources */,
				8C8920A31D906616001528FA /* MainTableViewCell.m in Sources */,
			);
			runOnlyForDeploymentPostprocessing = 0;
		};
/* End PBXSourcesBuildPhase section */

/* Begin PBXVariantGroup section */
		8C0DF9381D907C5300036295 /* File.strings */ = {
			isa = PBXVariantGroup;
			children = (
				8C0DF9371D907C5300036295 /* Base */,
				8C0DF9391D907C5900036295 /* ru */,
				8C0DF93A1D907C5F00036295 /* uk */,
			);
			name = File.strings;
			sourceTree = "<group>";
		};
		8C89208C1D90590C001528FA /* Main.storyboard */ = {
			isa = PBXVariantGroup;
			children = (
				8C89208D1D90590C001528FA /* Base */,
				8C0DF9321D907C4100036295 /* ru */,
				8C0DF9341D907C4900036295 /* uk */,
			);
			name = Main.storyboard;
			sourceTree = "<group>";
		};
		8C8920911D90590C001528FA /* LaunchScreen.storyboard */ = {
			isa = PBXVariantGroup;
			children = (
				8C8920921D90590C001528FA /* Base */,
				8C0DF9331D907C4200036295 /* ru */,
				8C0DF9351D907C4A00036295 /* uk */,
			);
			name = LaunchScreen.storyboard;
			sourceTree = "<group>";
		};
/* End PBXVariantGroup section */

/* Begin XCBuildConfiguration section */
		8C8920951D90590C001528FA /* Debug */ = {
			isa = XCBuildConfiguration;
			buildSettings = {
				ALWAYS_SEARCH_USER_PATHS = NO;
				CLANG_ANALYZER_LOCALIZABILITY_NONLOCALIZED = YES;
				CLANG_ANALYZER_NONNULL = YES;
				CLANG_CXX_LANGUAGE_STANDARD = "gnu++0x";
				CLANG_CXX_LIBRARY = "libc++";
				CLANG_ENABLE_MODULES = YES;
				CLANG_ENABLE_OBJC_ARC = YES;
				CLANG_WARN_BOOL_CONVERSION = YES;
				CLANG_WARN_CONSTANT_CONVERSION = YES;
				CLANG_WARN_DIRECT_OBJC_ISA_USAGE = YES_ERROR;
				CLANG_WARN_DOCUMENTATION_COMMENTS = YES;
				CLANG_WARN_EMPTY_BODY = YES;
				CLANG_WARN_ENUM_CONVERSION = YES;
				CLANG_WARN_INFINITE_RECURSION = YES;
				CLANG_WARN_INT_CONVERSION = YES;
				CLANG_WARN_OBJC_ROOT_CLASS = YES_ERROR;
				CLANG_WARN_SUSPICIOUS_MOVES = YES;
				CLANG_WARN_UNREACHABLE_CODE = YES;
				CLANG_WARN__DUPLICATE_METHOD_MATCH = YES;
				"CODE_SIGN_IDENTITY[sdk=iphoneos*]" = "iPhone Developer";
				COPY_PHASE_STRIP = NO;
				DEBUG_INFORMATION_FORMAT = dwarf;
				ENABLE_STRICT_OBJC_MSGSEND = YES;
				ENABLE_TESTABILITY = YES;
				GCC_C_LANGUAGE_STANDARD = gnu99;
				GCC_DYNAMIC_NO_PIC = NO;
				GCC_NO_COMMON_BLOCKS = YES;
				GCC_OPTIMIZATION_LEVEL = 0;
				GCC_PREPROCESSOR_DEFINITIONS = (
					"DEBUG=1",
					"$(inherited)",
				);
				GCC_WARN_64_TO_32_BIT_CONVERSION = YES;
				GCC_WARN_ABOUT_RETURN_TYPE = YES_ERROR;
				GCC_WARN_UNDECLARED_SELECTOR = YES;
				GCC_WARN_UNINITIALIZED_AUTOS = YES_AGGRESSIVE;
				GCC_WARN_UNUSED_FUNCTION = YES;
				GCC_WARN_UNUSED_VARIABLE = YES;
				IPHONEOS_DEPLOYMENT_TARGET = 10.0;
				MTL_ENABLE_DEBUG_INFO = YES;
				ONLY_ACTIVE_ARCH = YES;
				SDKROOT = iphoneos;
				TARGETED_DEVICE_FAMILY = "1,2";
			};
			name = Debug;
		};
		8C8920961D90590C001528FA /* Release */ = {
			isa = XCBuildConfiguration;
			buildSettings = {
				ALWAYS_SEARCH_USER_PATHS = NO;
				CLANG_ANALYZER_LOCALIZABILITY_NONLOCALIZED = YES;
				CLANG_ANALYZER_NONNULL = YES;
				CLANG_CXX_LANGUAGE_STANDARD = "gnu++0x";
				CLANG_CXX_LIBRARY = "libc++";
				CLANG_ENABLE_MODULES = YES;
				CLANG_ENABLE_OBJC_ARC = YES;
				CLANG_WARN_BOOL_CONVERSION = YES;
				CLANG_WARN_CONSTANT_CONVERSION = YES;
				CLANG_WARN_DIRECT_OBJC_ISA_USAGE = YES_ERROR;
				CLANG_WARN_DOCUMENTATION_COMMENTS = YES;
				CLANG_WARN_EMPTY_BODY = YES;
				CLANG_WARN_ENUM_CONVERSION = YES;
				CLANG_WARN_INFINITE_RECURSION = YES;
				CLANG_WARN_INT_CONVERSION = YES;
				CLANG_WARN_OBJC_ROOT_CLASS = YES_ERROR;
				CLANG_WARN_SUSPICIOUS_MOVES = YES;
				CLANG_WARN_UNREACHABLE_CODE = YES;
				CLANG_WARN__DUPLICATE_METHOD_MATCH = YES;
				"CODE_SIGN_IDENTITY[sdk=iphoneos*]" = "iPhone Developer";
				COPY_PHASE_STRIP = NO;
				DEBUG_INFORMATION_FORMAT = "dwarf-with-dsym";
				ENABLE_NS_ASSERTIONS = NO;
				ENABLE_STRICT_OBJC_MSGSEND = YES;
				GCC_C_LANGUAGE_STANDARD = gnu99;
				GCC_NO_COMMON_BLOCKS = YES;
				GCC_WARN_64_TO_32_BIT_CONVERSION = YES;
				GCC_WARN_ABOUT_RETURN_TYPE = YES_ERROR;
				GCC_WARN_UNDECLARED_SELECTOR = YES;
				GCC_WARN_UNINITIALIZED_AUTOS = YES_AGGRESSIVE;
				GCC_WARN_UNUSED_FUNCTION = YES;
				GCC_WARN_UNUSED_VARIABLE = YES;
				IPHONEOS_DEPLOYMENT_TARGET = 10.0;
				MTL_ENABLE_DEBUG_INFO = NO;
				SDKROOT = iphoneos;
				TARGETED_DEVICE_FAMILY = "1,2";
				VALIDATE_PRODUCT = YES;
			};
			name = Release;
		};
		8C8920981D90590C001528FA /* Debug */ = {
			isa = XCBuildConfiguration;
			buildSettings = {
				ASSETCATALOG_COMPILER_APPICON_NAME = AppIcon;
				INFOPLIST_FILE = Oblsovet/Info.plist;
				LD_RUNPATH_SEARCH_PATHS = "$(inherited) @executable_path/Frameworks";
				PRODUCT_BUNDLE_IDENTIFIER = com.yog.group.Oblsovet;
				PRODUCT_NAME = "$(TARGET_NAME)";
			};
			name = Debug;
		};
		8C8920991D90590C001528FA /* Release */ = {
			isa = XCBuildConfiguration;
			buildSettings = {
				ASSETCATALOG_COMPILER_APPICON_NAME = AppIcon;
				INFOPLIST_FILE = Oblsovet/Info.plist;
				LD_RUNPATH_SEARCH_PATHS = "$(inherited) @executable_path/Frameworks";
				PRODUCT_BUNDLE_IDENTIFIER = com.yog.group.Oblsovet;
				PRODUCT_NAME = "$(TARGET_NAME)";
			};
			name = Release;
		};
/* End XCBuildConfiguration section */

/* Begin XCConfigurationList section */
		8C89207B1D90590C001528FA /* Build configuration list for PBXProject "Oblsovet" */ = {
			isa = XCConfigurationList;
			buildConfigurations = (
				8C8920951D90590C001528FA /* Debug */,
				8C8920961D90590C001528FA /* Release */,
			);
			defaultConfigurationIsVisible = 0;
			defaultConfigurationName = Release;
		};
		8C8920971D90590C001528FA /* Build configuration list for PBXNativeTarget "Oblsovet" */ = {
			isa = XCConfigurationList;
			buildConfigurations = (
				8C8920981D90590C001528FA /* Debug */,
				8C8920991D90590C001528FA /* Release */,
			);
			defaultConfigurationIsVisible = 0;
			defaultConfigurationName = Release;
		};
/* End XCConfigurationList section */
	};
	rootObject = 8C8920781D90590C001528FA /* Project object */;
}
